
Microsoft Visual Studio Solution File, Format Version 12.00
# Visual Studio Version 17
VisualStudioVersion = 17.1.32210.238
MinimumVisualStudioVersion = 10.0.40219.1
Project("{9A19103F-16F7-4668-BE54-9A1E7A4F7556}") = "DataManagement", "DataManagement\DataManagement.csproj", "{C4568BD3-2494-4F6D-B3A0-6BD0838F351C}"
EndProject
Project("{9A19103F-16F7-4668-BE54-9A1E7A4F7556}") = "Crypto.Eth.Snapshot", "Crypto.Eth.Snapshot\Crypto.Eth.Snapshot.csproj", "{4A1F6443-6266-4DD5-AC70-6B96BB6EA6D2}"
EndProject
Project("{FAE04EC0-301F-11D3-BF4B-00C04F79EFBC}") = "WebApp", "WebApp\WebApp.csproj", "{04EB951F-7706-47CC-AB0F-1AE0AE12C064}"
EndProject
Global
	GlobalSection(SolutionConfigurationPlatforms) = preSolution
		Debug|Any CPU = Debug|Any CPU
		Release|Any CPU = Release|Any CPU
	EndGlobalSection
	GlobalSection(ProjectConfigurationPlatforms) = postSolution
		{C4568BD3-2494-4F6D-B3A0-6BD0838F351C}.Debug|Any CPU.ActiveCfg = Debug|Any CPU
		{C4568BD3-2494-4F6D-B3A0-6BD0838F351C}.Debug|Any CPU.Build.0 = Debug|Any CPU
		{C4568BD3-2494-4F6D-B3A0-6BD0838F351C}.Release|Any CPU.ActiveCfg = Release|Any CPU
		{C4568BD3-2494-4F6D-B3A0-6BD0838F351C}.Release|Any CPU.Build.0 = Release|Any CPU
		{4A1F6443-6266-4DD5-AC70-6B96BB6EA6D2}.Debug|Any CPU.ActiveCfg = Debug|Any CPU
		{4A1F6443-6266-4DD5-AC70-6B96BB6EA6D2}.Debug|Any CPU.Build.0 = Debug|Any CPU
		{4A1F6443-6266-4DD5-AC70-6B96BB6EA6D2}.Release|Any CPU.ActiveCfg = Release|Any CPU
		{4A1F6443-6266-4DD5-AC70-6B96BB6EA6D2}.Release|Any CPU.Build.0 = Release|Any CPU
		{04EB951F-7706-47CC-AB0F-1AE0AE12C064}.Debug|Any CPU.ActiveCfg = Debug|Any CPU
		{04EB951F-7706-47CC-AB0F-1AE0AE12C064}.Debug|Any CPU.Build.0 = Debug|Any CPU
		{04EB951F-7706-47CC-AB0F-1AE0AE12C064}.Release|Any CPU.ActiveCfg = Release|Any CPU
		{04EB951F-7706-47CC-AB0F-1AE0AE12C064}.Release|Any CPU.Build.0 = Release|Any CPU
	EndGlobalSection
	GlobalSection(SolutionProperties) = preSolution
		HideSolutionNode = FALSE
	EndGlobalSection
	GlobalSection(ExtensibilityGlobals) = postSolution
		SolutionGuid = {C7AEDECA-2C40-4360-B4D5-0DF80EF08C9A}
	EndGlobalSection
EndGlobal
